
Microsoft Visual Studio Solution File, Format Version 12.00
# Visual Studio Version 17
VisualStudioVersion = 17.8.34525.116
MinimumVisualStudioVersion = 10.0.40219.1
Project("{888888A0-9F3D-457C-B088-3A5042F75D52}") = "createDictionary", "createDictionary\createDictionary.pyproj", "{EA042AB5-FB64-469C-8CFF-23A5B5212660}"
EndProject
Global
	GlobalSection(SolutionConfigurationPlatforms) = preSolution
		Debug|Any CPU = Debug|Any CPU
		Release|Any CPU = Release|Any CPU
	EndGlobalSection
	GlobalSection(ProjectConfigurationPlatforms) = postSolution
		{EA042AB5-FB64-469C-8CFF-23A5B5212660}.Debug|Any CPU.ActiveCfg = Debug|Any CPU
		{EA042AB5-FB64-469C-8CFF-23A5B5212660}.Release|Any CPU.ActiveCfg = Release|Any CPU
	EndGlobalSection
	GlobalSection(SolutionProperties) = preSolution
		HideSolutionNode = FALSE
	EndGlobalSection
	GlobalSection(ExtensibilityGlobals) = postSolution
		SolutionGuid = {81FEA5FF-5384-405B-B7C8-4A3B06B91CFD}
	EndGlobalSection
EndGlobal
